// !$*UTF8*$!
{
	archiveVersion = 1;
	classes = {
	};
	objectVersion = 55;
	objects = {

/* Begin PBXBuildFile section */
		CD9B87B5275A8B7600F109A5 /* SwiftUITasks.xcdatamodeld in Sources */ = {isa = PBXBuildFile; fileRef = CD9B87A2275A8B7400F109A5 /* SwiftUITasks.xcdatamodeld */; };
		CD9B87B6275A8B7600F109A5 /* SwiftUITasks.xcdatamodeld in Sources */ = {isa = PBXBuildFile; fileRef = CD9B87A2275A8B7400F109A5 /* SwiftUITasks.xcdatamodeld */; };
		CD9B87B7275A8B7600F109A5 /* SwiftUITasksApp.swift in Sources */ = {isa = PBXBuildFile; fileRef = CD9B87A4275A8B7400F109A5 /* SwiftUITasksApp.swift */; };
		CD9B87B8275A8B7600F109A5 /* SwiftUITasksApp.swift in Sources */ = {isa = PBXBuildFile; fileRef = CD9B87A4275A8B7400F109A5 /* SwiftUITasksApp.swift */; };
		CD9B87B9275A8B7600F109A5 /* ContentView.swift in Sources */ = {isa = PBXBuildFile; fileRef = CD9B87A5275A8B7400F109A5 /* ContentView.swift */; };
		CD9B87BA275A8B7600F109A5 /* ContentView.swift in Sources */ = {isa = PBXBuildFile; fileRef = CD9B87A5275A8B7400F109A5 /* ContentView.swift */; };
		CD9B87BB275A8B7600F109A5 /* Persistence.swift in Sources */ = {isa = PBXBuildFile; fileRef = CD9B87A6275A8B7400F109A5 /* Persistence.swift */; };
		CD9B87BC275A8B7600F109A5 /* Persistence.swift in Sources */ = {isa = PBXBuildFile; fileRef = CD9B87A6275A8B7400F109A5 /* Persistence.swift */; };
		CD9B87BD275A8B7600F109A5 /* Assets.xcassets in Resources */ = {isa = PBXBuildFile; fileRef = CD9B87A7275A8B7600F109A5 /* Assets.xcassets */; };
		CD9B87BE275A8B7600F109A5 /* Assets.xcassets in Resources */ = {isa = PBXBuildFile; fileRef = CD9B87A7275A8B7600F109A5 /* Assets.xcassets */; };
/* End PBXBuildFile section */

/* Begin PBXFileReference section */
		CD9B87A3275A8B7400F109A5 /* Shared.xcdatamodel */ = {isa = PBXFileReference; lastKnownFileType = wrapper.xcdatamodel; path = Shared.xcdatamodel; sourceTree = "<group>"; };
		CD9B87A4275A8B7400F109A5 /* SwiftUITasksApp.swift */ = {isa = PBXFileReference; lastKnownFileType = sourcecode.swift; path = SwiftUITasksApp.swift; sourceTree = "<group>"; };
		CD9B87A5275A8B7400F109A5 /* ContentView.swift */ = {isa = PBXFileReference; lastKnownFileType = sourcecode.swift; path = ContentView.swift; sourceTree = "<group>"; };
		CD9B87A6275A8B7400F109A5 /* Persistence.swift */ = {isa = PBXFileReference; lastKnownFileType = sourcecode.swift; path = Persistence.swift; sourceTree = "<group>"; };
		CD9B87A7275A8B7600F109A5 /* Assets.xcassets */ = {isa = PBXFileReference; lastKnownFileType = folder.assetcatalog; path = Assets.xcassets; sourceTree = "<group>"; };
		CD9B87AC275A8B7600F109A5 /* SwiftUITasks.app */ = {isa = PBXFileReference; explicitFileType = wrapper.application; includeInIndex = 0; path = SwiftUITasks.app; sourceTree = BUILT_PRODUCTS_DIR; };
		CD9B87B2275A8B7600F109A5 /* SwiftUITasks.app */ = {isa = PBXFileReference; explicitFileType = wrapper.application; includeInIndex = 0; path = SwiftUITasks.app; sourceTree = BUILT_PRODUCTS_DIR; };
		CD9B87B4275A8B7600F109A5 /* macOS.entitlements */ = {isa = PBXFileReference; lastKnownFileType = text.plist.entitlements; path = macOS.entitlements; sourceTree = "<group>"; };
/* End PBXFileReference section */

/* Begin PBXFrameworksBuildPhase section */
		CD9B87A9275A8B7600F109A5 /* Frameworks */ = {
			isa = PBXFrameworksBuildPhase;
			buildActionMask = 2147483647;
			files = (
			);
			runOnlyForDeploymentPostprocessing = 0;
		};
		CD9B87AF275A8B7600F109A5 /* Frameworks */ = {
			isa = PBXFrameworksBuildPhase;
			buildActionMask = 2147483647;
			files = (
			);
			runOnlyForDeploymentPostprocessing = 0;
		};
/* End PBXFrameworksBuildPhase section */

/* Begin PBXGroup section */
		CD9B879C275A8B7300F109A5 = {
			isa = PBXGroup;
			children = (
				CD9B87A1275A8B7400F109A5 /* Shared */,
				CD9B87B3275A8B7600F109A5 /* macOS */,
				CD9B87AD275A8B7600F109A5 /* Products */,
			);
			sourceTree = "<group>";
		};
		CD9B87A1275A8B7400F109A5 /* Shared */ = {
			isa = PBXGroup;
			children = (
				CD9B87A4275A8B7400F109A5 /* SwiftUITasksApp.swift */,
				CD9B87A5275A8B7400F109A5 /* ContentView.swift */,
				CD9B87A6275A8B7400F109A5 /* Persistence.swift */,
				CD9B87A7275A8B7600F109A5 /* Assets.xcassets */,
				CD9B87A2275A8B7400F109A5 /* SwiftUITasks.xcdatamodeld */,
			);
			path = Shared;
			sourceTree = "<group>";
		};
		CD9B87AD275A8B7600F109A5 /* Products */ = {
			isa = PBXGroup;
			children = (
				CD9B87AC275A8B7600F109A5 /* SwiftUITasks.app */,
				CD9B87B2275A8B7600F109A5 /* SwiftUITasks.app */,
			);
			name = Products;
			sourceTree = "<group>";
		};
		CD9B87B3275A8B7600F109A5 /* macOS */ = {
			isa = PBXGroup;
			children = (
				CD9B87B4275A8B7600F109A5 /* macOS.entitlements */,
			);
			path = macOS;
			sourceTree = "<group>";
		};
/* End PBXGroup section */

/* Begin PBXNativeTarget section */
		CD9B87AB275A8B7600F109A5 /* SwiftUITasks (iOS) */ = {
			isa = PBXNativeTarget;
			buildConfigurationList = CD9B87C1275A8B7600F109A5 /* Build configuration list for PBXNativeTarget "SwiftUITasks (iOS)" */;
			buildPhases = (
				CD9B87A8275A8B7600F109A5 /* Sources */,
				CD9B87A9275A8B7600F109A5 /* Frameworks */,
				CD9B87AA275A8B7600F109A5 /* Resources */,
			);
			buildRules = (
			);
			dependencies = (
			);
			name = "SwiftUITasks (iOS)";
			productName = "SwiftUITasks (iOS)";
			productReference = CD9B87AC275A8B7600F109A5 /* SwiftUITasks.app */;
			productType = "com.apple.product-type.application";
		};
		CD9B87B1275A8B7600F109A5 /* SwiftUITasks (macOS) */ = {
			isa = PBXNativeTarget;
			buildConfigurationList = CD9B87C4275A8B7600F109A5 /* Build configuration list for PBXNativeTarget "SwiftUITasks (macOS)" */;
			buildPhases = (
				CD9B87AE275A8B7600F109A5 /* Sources */,
				CD9B87AF275A8B7600F109A5 /* Frameworks */,
				CD9B87B0275A8B7600F109A5 /* Resources */,
			);
			buildRules = (
			);
			dependencies = (
			);
			name = "SwiftUITasks (macOS)";
			productName = "SwiftUITasks (macOS)";
			productReference = CD9B87B2275A8B7600F109A5 /* SwiftUITasks.app */;
			productType = "com.apple.product-type.application";
		};
/* End PBXNativeTarget section */

/* Begin PBXProject section */
		CD9B879D275A8B7300F109A5 /* Project object */ = {
			isa = PBXProject;
			attributes = {
				BuildIndependentTargetsInParallel = 1;
				LastSwiftUpdateCheck = 1310;
				LastUpgradeCheck = 1310;
				TargetAttributes = {
					CD9B87AB275A8B7600F109A5 = {
						CreatedOnToolsVersion = 13.1;
					};
					CD9B87B1275A8B7600F109A5 = {
						CreatedOnToolsVersion = 13.1;
					};
				};
			};
			buildConfigurationList = CD9B87A0275A8B7300F109A5 /* Build configuration list for PBXProject "SwiftUITasks" */;
			compatibilityVersion = "Xcode 13.0";
			developmentRegion = en;
			hasScannedForEncodings = 0;
			knownRegions = (
				en,
				Base,
			);
			mainGroup = CD9B879C275A8B7300F109A5;
			productRefGroup = CD9B87AD275A8B7600F109A5 /* Products */;
			projectDirPath = "";
			projectRoot = "";
			targets = (
				CD9B87AB275A8B7600F109A5 /* SwiftUITasks (iOS) */,
				CD9B87B1275A8B7600F109A5 /* SwiftUITasks (macOS) */,
			);
		};
/* End PBXProject section */

/* Begin PBXResourcesBuildPhase section */
		CD9B87AA275A8B7600F109A5 /* Resources */ = {
			isa = PBXResourcesBuildPhase;
			buildActionMask = 2147483647;
			files = (
				CD9B87BD275A8B7600F109A5 /* Assets.xcassets in Resources */,
			);
			runOnlyForDeploymentPostprocessing = 0;
		};
		CD9B87B0275A8B7600F109A5 /* Resources */ = {
			isa = PBXResourcesBuildPhase;
			buildActionMask = 2147483647;
			files = (
				CD9B87BE275A8B7600F109A5 /* Assets.xcassets in Resources */,
			);
			runOnlyForDeploymentPostprocessing = 0;
		};
/* End PBXResourcesBuildPhase section */

/* Begin PBXSourcesBuildPhase section */
		CD9B87A8275A8B7600F109A5 /* Sources */ = {
			isa = PBXSourcesBuildPhase;
			buildActionMask = 2147483647;
			files = (
				CD9B87B7275A8B7600F109A5 /* SwiftUITasksApp.swift in Sources */,
				CD9B87BB275A8B7600F109A5 /* Persistence.swift in Sources */,
				CD9B87B5275A8B7600F109A5 /* SwiftUITasks.xcdatamodeld in Sources */,
				CD9B87B9275A8B7600F109A5 /* ContentView.swift in Sources */,
			);
			runOnlyForDeploymentPostprocessing = 0;
		};
		CD9B87AE275A8B7600F109A5 /* Sources */ = {
			isa = PBXSourcesBuildPhase;
			buildActionMask = 2147483647;
			files = (
				CD9B87B8275A8B7600F109A5 /* SwiftUITasksApp.swift in Sources */,
				CD9B87BC275A8B7600F109A5 /* Persistence.swift in Sources */,
				CD9B87B6275A8B7600F109A5 /* SwiftUITasks.xcdatamodeld in Sources */,
				CD9B87BA275A8B7600F109A5 /* ContentView.swift in Sources */,
			);
			runOnlyForDeploymentPostprocessing = 0;
		};
/* End PBXSourcesBuildPhase section */

/* Begin XCBuildConfiguration section */
		CD9B87BF275A8B7600F109A5 /* Debug */ = {
			isa = XCBuildConfiguration;
			buildSettings = {
				ALWAYS_SEARCH_USER_PATHS = NO;
				CLANG_ANALYZER_NONNULL = YES;
				CLANG_ANALYZER_NUMBER_OBJECT_CONVERSION = YES_AGGRESSIVE;
				CLANG_CXX_LANGUAGE_STANDARD = "gnu++17";
				CLANG_CXX_LIBRARY = "libc++";
				CLANG_ENABLE_MODULES = YES;
				CLANG_ENABLE_OBJC_ARC = YES;
				CLANG_ENABLE_OBJC_WEAK = YES;
				CLANG_WARN_BLOCK_CAPTURE_AUTORELEASING = YES;
				CLANG_WARN_BOOL_CONVERSION = YES;
				CLANG_WARN_COMMA = YES;
				CLANG_WARN_CONSTANT_CONVERSION = YES;
				CLANG_WARN_DEPRECATED_OBJC_IMPLEMENTATIONS = YES;
				CLANG_WARN_DIRECT_OBJC_ISA_USAGE = YES_ERROR;
				CLANG_WARN_DOCUMENTATION_COMMENTS = YES;
				CLANG_WARN_EMPTY_BODY = YES;
				CLANG_WARN_ENUM_CONVERSION = YES;
				CLANG_WARN_INFINITE_RECURSION = YES;
				CLANG_WARN_INT_CONVERSION = YES;
				CLANG_WARN_NON_LITERAL_NULL_CONVERSION = YES;
				CLANG_WARN_OBJC_IMPLICIT_RETAIN_SELF = YES;
				CLANG_WARN_OBJC_LITERAL_CONVERSION = YES;
				CLANG_WARN_OBJC_ROOT_CLASS = YES_ERROR;
				CLANG_WARN_QUOTED_INCLUDE_IN_FRAMEWORK_HEADER = YES;
				CLANG_WARN_RANGE_LOOP_ANALYSIS = YES;
				CLANG_WARN_STRICT_PROTOTYPES = YES;
				CLANG_WARN_SUSPICIOUS_MOVE = YES;
				CLANG_WARN_UNGUARDED_AVAILABILITY = YES_AGGRESSIVE;
				CLANG_WARN_UNREACHABLE_CODE = YES;
				CLANG_WARN__DUPLICATE_METHOD_MATCH = YES;
				COPY_PHASE_STRIP = NO;
				DEBUG_INFORMATION_FORMAT = dwarf;
				ENABLE_STRICT_OBJC_MSGSEND = YES;
				ENABLE_TESTABILITY = YES;
				GCC_C_LANGUAGE_STANDARD = gnu11;
				GCC_DYNAMIC_NO_PIC = NO;
				GCC_NO_COMMON_BLOCKS = YES;
				GCC_OPTIMIZATION_LEVEL = 0;
				GCC_PREPROCESSOR_DEFINITIONS = (
					"DEBUG=1",
					"$(inherited)",
				);
				GCC_WARN_64_TO_32_BIT_CONVERSION = YES;
				GCC_WARN_ABOUT_RETURN_TYPE = YES_ERROR;
				GCC_WARN_UNDECLARED_SELECTOR = YES;
				GCC_WARN_UNINITIALIZED_AUTOS = YES_AGGRESSIVE;
				GCC_WARN_UNUSED_FUNCTION = YES;
				GCC_WARN_UNUSED_VARIABLE = YES;
				MTL_ENABLE_DEBUG_INFO = INCLUDE_SOURCE;
				MTL_FAST_MATH = YES;
				ONLY_ACTIVE_ARCH = YES;
				SWIFT_ACTIVE_COMPILATION_CONDITIONS = DEBUG;
				SWIFT_OPTIMIZATION_LEVEL = "-Onone";
			};
			name = Debug;
		};
		CD9B87C0275A8B7600F109A5 /* Release */ = {
			isa = XCBuildConfiguration;
			buildSettings = {
				ALWAYS_SEARCH_USER_PATHS = NO;
				CLANG_ANALYZER_NONNULL = YES;
				CLANG_ANALYZER_NUMBER_OBJECT_CONVERSION = YES_AGGRESSIVE;
				CLANG_CXX_LANGUAGE_STANDARD = "gnu++17";
				CLANG_CXX_LIBRARY = "libc++";
				CLANG_ENABLE_MODULES = YES;
				CLANG_ENABLE_OBJC_ARC = YES;
				CLANG_ENABLE_OBJC_WEAK = YES;
				CLANG_WARN_BLOCK_CAPTURE_AUTORELEASING = YES;
				CLANG_WARN_BOOL_CONVERSION = YES;
				CLANG_WARN_COMMA = YES;
				CLANG_WARN_CONSTANT_CONVERSION = YES;
				CLANG_WARN_DEPRECATED_OBJC_IMPLEMENTATIONS = YES;
				CLANG_WARN_DIRECT_OBJC_ISA_USAGE = YES_ERROR;
				CLANG_WARN_DOCUMENTATION_COMMENTS = YES;
				CLANG_WARN_EMPTY_BODY = YES;
				CLANG_WARN_ENUM_CONVERSION = YES;
				CLANG_WARN_INFINITE_RECURSION = YES;
				CLANG_WARN_INT_CONVERSION = YES;
				CLANG_WARN_NON_LITERAL_NULL_CONVERSION = YES;
				CLANG_WARN_OBJC_IMPLICIT_RETAIN_SELF = YES;
				CLANG_WARN_OBJC_LITERAL_CONVERSION = YES;
				CLANG_WARN_OBJC_ROOT_CLASS = YES_ERROR;
				CLANG_WARN_QUOTED_INCLUDE_IN_FRAMEWORK_HEADER = YES;
				CLANG_WARN_RANGE_LOOP_ANALYSIS = YES;
				CLANG_WARN_STRICT_PROTOTYPES = YES;
				CLANG_WARN_SUSPICIOUS_MOVE = YES;
				CLANG_WARN_UNGUARDED_AVAILABILITY = YES_AGGRESSIVE;
				CLANG_WARN_UNREACHABLE_CODE = YES;
				CLANG_WARN__DUPLICATE_METHOD_MATCH = YES;
				COPY_PHASE_STRIP = NO;
				DEBUG_INFORMATION_FORMAT = "dwarf-with-dsym";
				ENABLE_NS_ASSERTIONS = NO;
				ENABLE_STRICT_OBJC_MSGSEND = YES;
				GCC_C_LANGUAGE_STANDARD = gnu11;
				GCC_NO_COMMON_BLOCKS = YES;
				GCC_WARN_64_TO_32_BIT_CONVERSION = YES;
				GCC_WARN_ABOUT_RETURN_TYPE = YES_ERROR;
				GCC_WARN_UNDECLARED_SELECTOR = YES;
				GCC_WARN_UNINITIALIZED_AUTOS = YES_AGGRESSIVE;
				GCC_WARN_UNUSED_FUNCTION = YES;
				GCC_WARN_UNUSED_VARIABLE = YES;
				MTL_ENABLE_DEBUG_INFO = NO;
				MTL_FAST_MATH = YES;
				SWIFT_COMPILATION_MODE = wholemodule;
				SWIFT_OPTIMIZATION_LEVEL = "-O";
			};
			name = Release;
		};
		CD9B87C2275A8B7600F109A5 /* Debug */ = {
			isa = XCBuildConfiguration;
			buildSettings = {
				ASSETCATALOG_COMPILER_APPICON_NAME = AppIcon;
				ASSETCATALOG_COMPILER_GLOBAL_ACCENT_COLOR_NAME = AccentColor;
				CODE_SIGN_STYLE = Automatic;
				CURRENT_PROJECT_VERSION = 1;
				DEVELOPMENT_TEAM = A8QP7SFALR;
				ENABLE_PREVIEWS = YES;
				GENERATE_INFOPLIST_FILE = YES;
				INFOPLIST_KEY_UIApplicationSceneManifest_Generation = YES;
				INFOPLIST_KEY_UIApplicationSupportsIndirectInputEvents = YES;
				INFOPLIST_KEY_UILaunchScreen_Generation = YES;
				INFOPLIST_KEY_UISupportedInterfaceOrientations_iPad = "UIInterfaceOrientationPortrait UIInterfaceOrientationPortraitUpsideDown UIInterfaceOrientationLandscapeLeft UIInterfaceOrientationLandscapeRight";
				INFOPLIST_KEY_UISupportedInterfaceOrientations_iPhone = "UIInterfaceOrientationPortrait UIInterfaceOrientationLandscapeLeft UIInterfaceOrientationLandscapeRight";
				IPHONEOS_DEPLOYMENT_TARGET = 15.0;
				LD_RUNPATH_SEARCH_PATHS = (
					"$(inherited)",
					"@executable_path/Frameworks",
				);
				MARKETING_VERSION = 1.0;
				PRODUCT_BUNDLE_IDENTIFIER = cz.radekvala.SwiftUITasks;
				PRODUCT_NAME = SwiftUITasks;
				SDKROOT = iphoneos;
				SWIFT_EMIT_LOC_STRINGS = YES;
				SWIFT_VERSION = 5.0;
				TARGETED_DEVICE_FAMILY = "1,2";
			};
			name = Debug;
		};
		CD9B87C3275A8B7600F109A5 /* Release */ = {
			isa = XCBuildConfiguration;
			buildSettings = {
				ASSETCATALOG_COMPILER_APPICON_NAME = AppIcon;
				ASSETCATALOG_COMPILER_GLOBAL_ACCENT_COLOR_NAME = AccentColor;
				CODE_SIGN_STYLE = Automatic;
				CURRENT_PROJECT_VERSION = 1;
				DEVELOPMENT_TEAM = A8QP7SFALR;
				ENABLE_PREVIEWS = YES;
				GENERATE_INFOPLIST_FILE = YES;
				INFOPLIST_KEY_UIApplicationSceneManifest_Generation = YES;
				INFOPLIST_KEY_UIApplicationSupportsIndirectInputEvents = YES;
				INFOPLIST_KEY_UILaunchScreen_Generation = YES;
				INFOPLIST_KEY_UISupportedInterfaceOrientations_iPad = "UIInterfaceOrientationPortrait UIInterfaceOrientationPortraitUpsideDown UIInterfaceOrientationLandscapeLeft UIInterfaceOrientationLandscapeRight";
				INFOPLIST_KEY_UISupportedInterfaceOrientations_iPhone = "UIInterfaceOrientationPortrait UIInterfaceOrientationLandscapeLeft UIInterfaceOrientationLandscapeRight";
				IPHONEOS_DEPLOYMENT_TARGET = 15.0;
				LD_RUNPATH_SEARCH_PATHS = (
					"$(inherited)",
					"@executable_path/Frameworks",
				);
				MARKETING_VERSION = 1.0;
				PRODUCT_BUNDLE_IDENTIFIER = cz.radekvala.SwiftUITasks;
				PRODUCT_NAME = SwiftUITasks;
				SDKROOT = iphoneos;
				SWIFT_EMIT_LOC_STRINGS = YES;
				SWIFT_VERSION = 5.0;
				TARGETED_DEVICE_FAMILY = "1,2";
				VALIDATE_PRODUCT = YES;
			};
			name = Release;
		};
		CD9B87C5275A8B7600F109A5 /* Debug */ = {
			isa = XCBuildConfiguration;
			buildSettings = {
				ASSETCATALOG_COMPILER_APPICON_NAME = AppIcon;
				ASSETCATALOG_COMPILER_GLOBAL_ACCENT_COLOR_NAME = AccentColor;
				CODE_SIGN_ENTITLEMENTS = macOS/macOS.entitlements;
				CODE_SIGN_STYLE = Automatic;
				COMBINE_HIDPI_IMAGES = YES;
				CURRENT_PROJECT_VERSION = 1;
				DEVELOPMENT_TEAM = A8QP7SFALR;
				ENABLE_HARDENED_RUNTIME = YES;
				ENABLE_PREVIEWS = YES;
				GENERATE_INFOPLIST_FILE = YES;
				INFOPLIST_KEY_NSHumanReadableCopyright = "";
				LD_RUNPATH_SEARCH_PATHS = (
					"$(inherited)",
					"@executable_path/../Frameworks",
				);
				MACOSX_DEPLOYMENT_TARGET = 12.0;
				MARKETING_VERSION = 1.0;
				PRODUCT_BUNDLE_IDENTIFIER = cz.radekvala.SwiftUITasks;
				PRODUCT_NAME = SwiftUITasks;
				SDKROOT = macosx;
				SWIFT_EMIT_LOC_STRINGS = YES;
				SWIFT_VERSION = 5.0;
			};
			name = Debug;
		};
		CD9B87C6275A8B7600F109A5 /* Release */ = {
			isa = XCBuildConfiguration;
			buildSettings = {
				ASSETCATALOG_COMPILER_APPICON_NAME = AppIcon;
				ASSETCATALOG_COMPILER_GLOBAL_ACCENT_COLOR_NAME = AccentColor;
				CODE_SIGN_ENTITLEMENTS = macOS/macOS.entitlements;
				CODE_SIGN_STYLE = Automatic;
				COMBINE_HIDPI_IMAGES = YES;
				CURRENT_PROJECT_VERSION = 1;
				DEVELOPMENT_TEAM = A8QP7SFALR;
				ENABLE_HARDENED_RUNTIME = YES;
				ENABLE_PREVIEWS = YES;
				GENERATE_INFOPLIST_FILE = YES;
				INFOPLIST_KEY_NSHumanReadableCopyright = "";
				LD_RUNPATH_SEARCH_PATHS = (
					"$(inherited)",
					"@executable_path/../Frameworks",
				);
				MACOSX_DEPLOYMENT_TARGET = 12.0;
				MARKETING_VERSION = 1.0;
				PRODUCT_BUNDLE_IDENTIFIER = cz.radekvala.SwiftUITasks;
				PRODUCT_NAME = SwiftUITasks;
				SDKROOT = macosx;
				SWIFT_EMIT_LOC_STRINGS = YES;
				SWIFT_VERSION = 5.0;
			};
			name = Release;
		};
/* End XCBuildConfiguration section */

/* Begin XCConfigurationList section */
		CD9B87A0275A8B7300F109A5 /* Build configuration list for PBXProject "SwiftUITasks" */ = {
			isa = XCConfigurationList;
			buildConfigurations = (
				CD9B87BF275A8B7600F109A5 /* Debug */,
				CD9B87C0275A8B7600F109A5 /* Release */,
			);
			defaultConfigurationIsVisible = 0;
			defaultConfigurationName = Release;
		};
		CD9B87C1275A8B7600F109A5 /* Build configuration list for PBXNativeTarget "SwiftUITasks (iOS)" */ = {
			isa = XCConfigurationList;
			buildConfigurations = (
				CD9B87C2275A8B7600F109A5 /* Debug */,
				CD9B87C3275A8B7600F109A5 /* Release */,
			);
			defaultConfigurationIsVisible = 0;
			defaultConfigurationName = Release;
		};
		CD9B87C4275A8B7600F109A5 /* Build configuration list for PBXNativeTarget "SwiftUITasks (macOS)" */ = {
			isa = XCConfigurationList;
			buildConfigurations = (
				CD9B87C5275A8B7600F109A5 /* Debug */,
				CD9B87C6275A8B7600F109A5 /* Release */,
			);
			defaultConfigurationIsVisible = 0;
			defaultConfigurationName = Release;
		};
/* End XCConfigurationList section */

/* Begin XCVersionGroup section */
		CD9B87A2275A8B7400F109A5 /* SwiftUITasks.xcdatamodeld */ = {
			isa = XCVersionGroup;
			children = (
				CD9B87A3275A8B7400F109A5 /* Shared.xcdatamodel */,
			);
			currentVersion = CD9B87A3275A8B7400F109A5 /* Shared.xcdatamodel */;
			path = SwiftUITasks.xcdatamodeld;
			sourceTree = "<group>";
			versionGroupType = wrapper.xcdatamodel;
		};
/* End XCVersionGroup section */
	};
	rootObject = CD9B879D275A8B7300F109A5 /* Project object */;
}
